// !$*UTF8*$!
{
	archiveVersion = 1;
	classes = {
	};
	objectVersion = 46;
	objects = {

/* Begin PBXBuildFile section */
		1FB46EEC1B4F365E0017345C /* AppDelegate.swift in Sources */ = {isa = PBXBuildFile; fileRef = 1FB46EEB1B4F365E0017345C /* AppDelegate.swift */; };
		1FB46EEE1B4F365E0017345C /* ViewController.swift in Sources */ = {isa = PBXBuildFile; fileRef = 1FB46EED1B4F365E0017345C /* ViewController.swift */; };
		1FB46EF11B4F365E0017345C /* Main.storyboard in Resources */ = {isa = PBXBuildFile; fileRef = 1FB46EEF1B4F365E0017345C /* Main.storyboard */; };
		1FB46EF31B4F365E0017345C /* Images.xcassets in Resources */ = {isa = PBXBuildFile; fileRef = 1FB46EF21B4F365E0017345C /* Images.xcassets */; };
		1FB46EF61B4F365E0017345C /* LaunchScreen.xib in Resources */ = {isa = PBXBuildFile; fileRef = 1FB46EF41B4F365E0017345C /* LaunchScreen.xib */; };
		1FB46F021B4F365E0017345C /* GCDPeripheralTests.swift in Sources */ = {isa = PBXBuildFile; fileRef = 1FB46F011B4F365E0017345C /* GCDPeripheralTests.swift */; };
		1FB46F3D1B4F39600017345C /* GCDAsyncSocket.m in Sources */ = {isa = PBXBuildFile; fileRef = 1FB46F3C1B4F39600017345C /* GCDAsyncSocket.m */; };
		D9082C521B505B9A00A46C55 /* C4UI.framework in Frameworks */ = {isa = PBXBuildFile; fileRef = D9082C4B1B505AE300A46C55 /* C4UI.framework */; };
		D9082C531B505B9A00A46C55 /* C4UI.framework in Embed Frameworks */ = {isa = PBXBuildFile; fileRef = D9082C4B1B505AE300A46C55 /* C4UI.framework */; settings = {ATTRIBUTES = (CodeSignOnCopy, RemoveHeadersOnCopy, ); }; };
		D9082C561B505B9A00A46C55 /* C4Core.framework in Frameworks */ = {isa = PBXBuildFile; fileRef = D9082C4F1B505AE300A46C55 /* C4Core.framework */; };
		D9082C571B505B9A00A46C55 /* C4Core.framework in Embed Frameworks */ = {isa = PBXBuildFile; fileRef = D9082C4F1B505AE300A46C55 /* C4Core.framework */; settings = {ATTRIBUTES = (CodeSignOnCopy, RemoveHeadersOnCopy, ); }; };
/* End PBXBuildFile section */

/* Begin PBXContainerItemProxy section */
		1FB46EFC1B4F365E0017345C /* PBXContainerItemProxy */ = {
			isa = PBXContainerItemProxy;
			containerPortal = 1FB46EDE1B4F365E0017345C /* Project object */;
			proxyType = 1;
			remoteGlobalIDString = 1FB46EE51B4F365E0017345C;
			remoteInfo = GCDPeripheral;
		};
		D9082C4A1B505AE300A46C55 /* PBXContainerItemProxy */ = {
			isa = PBXContainerItemProxy;
			containerPortal = D9082C431B505AE300A46C55 /* C4iOS.xcodeproj */;
			proxyType = 2;
			remoteGlobalIDString = 614F824319DB5ED3001DF1D4;
			remoteInfo = C4UI;
		};
		D9082C4C1B505AE300A46C55 /* PBXContainerItemProxy */ = {
			isa = PBXContainerItemProxy;
			containerPortal = D9082C431B505AE300A46C55 /* C4iOS.xcodeproj */;
			proxyType = 2;
			remoteGlobalIDString = 614F824E19DB5ED4001DF1D4;
			remoteInfo = C4UITests;
		};
		D9082C4E1B505AE300A46C55 /* PBXContainerItemProxy */ = {
			isa = PBXContainerItemProxy;
			containerPortal = D9082C431B505AE300A46C55 /* C4iOS.xcodeproj */;
			proxyType = 2;
			remoteGlobalIDString = A9596D191A054A960023323D;
			remoteInfo = C4Core;
		};
		D9082C501B505AE300A46C55 /* PBXContainerItemProxy */ = {
			isa = PBXContainerItemProxy;
			containerPortal = D9082C431B505AE300A46C55 /* C4iOS.xcodeproj */;
			proxyType = 2;
			remoteGlobalIDString = A9596D231A054A960023323D;
			remoteInfo = C4CoreTests;
		};
		D9082C541B505B9A00A46C55 /* PBXContainerItemProxy */ = {
			isa = PBXContainerItemProxy;
			containerPortal = D9082C431B505AE300A46C55 /* C4iOS.xcodeproj */;
			proxyType = 1;
			remoteGlobalIDString = 614F824219DB5ED3001DF1D4;
			remoteInfo = C4UI;
		};
		D9082C581B505B9A00A46C55 /* PBXContainerItemProxy */ = {
			isa = PBXContainerItemProxy;
			containerPortal = D9082C431B505AE300A46C55 /* C4iOS.xcodeproj */;
			proxyType = 1;
			remoteGlobalIDString = A9596D181A054A960023323D;
			remoteInfo = C4Core;
		};
/* End PBXContainerItemProxy section */

/* Begin PBXCopyFilesBuildPhase section */
		D9082C5A1B505B9A00A46C55 /* Embed Frameworks */ = {
			isa = PBXCopyFilesBuildPhase;
			buildActionMask = 2147483647;
			dstPath = "";
			dstSubfolderSpec = 10;
			files = (
				D9082C571B505B9A00A46C55 /* C4Core.framework in Embed Frameworks */,
				D9082C531B505B9A00A46C55 /* C4UI.framework in Embed Frameworks */,
			);
			name = "Embed Frameworks";
			runOnlyForDeploymentPostprocessing = 0;
		};
/* End PBXCopyFilesBuildPhase section */

/* Begin PBXFileReference section */
		1FB46EE61B4F365E0017345C /* GCDPeripheral.app */ = {isa = PBXFileReference; explicitFileType = wrapper.application; includeInIndex = 0; path = GCDPeripheral.app; sourceTree = BUILT_PRODUCTS_DIR; };
		1FB46EEA1B4F365E0017345C /* Info.plist */ = {isa = PBXFileReference; lastKnownFileType = text.plist.xml; path = Info.plist; sourceTree = "<group>"; };
		1FB46EEB1B4F365E0017345C /* AppDelegate.swift */ = {isa = PBXFileReference; lastKnownFileType = sourcecode.swift; path = AppDelegate.swift; sourceTree = "<group>"; };
		1FB46EED1B4F365E0017345C /* ViewController.swift */ = {isa = PBXFileReference; lastKnownFileType = sourcecode.swift; path = ViewController.swift; sourceTree = "<group>"; };
		1FB46EF01B4F365E0017345C /* Base */ = {isa = PBXFileReference; lastKnownFileType = file.storyboard; name = Base; path = Base.lproj/Main.storyboard; sourceTree = "<group>"; };
		1FB46EF21B4F365E0017345C /* Images.xcassets */ = {isa = PBXFileReference; lastKnownFileType = folder.assetcatalog; path = Images.xcassets; sourceTree = "<group>"; };
		1FB46EF51B4F365E0017345C /* Base */ = {isa = PBXFileReference; lastKnownFileType = file.xib; name = Base; path = Base.lproj/LaunchScreen.xib; sourceTree = "<group>"; };
		1FB46EFB1B4F365E0017345C /* GCDPeripheralTests.xctest */ = {isa = PBXFileReference; explicitFileType = wrapper.cfbundle; includeInIndex = 0; path = GCDPeripheralTests.xctest; sourceTree = BUILT_PRODUCTS_DIR; };
		1FB46F001B4F365E0017345C /* Info.plist */ = {isa = PBXFileReference; lastKnownFileType = text.plist.xml; path = Info.plist; sourceTree = "<group>"; };
		1FB46F011B4F365E0017345C /* GCDPeripheralTests.swift */ = {isa = PBXFileReference; lastKnownFileType = sourcecode.swift; path = GCDPeripheralTests.swift; sourceTree = "<group>"; };
		1FB46F3A1B4F39600017345C /* GCDPeripheral-Bridging-Header.h */ = {isa = PBXFileReference; lastKnownFileType = sourcecode.c.h; path = "GCDPeripheral-Bridging-Header.h"; sourceTree = "<group>"; };
		1FB46F3B1B4F39600017345C /* GCDAsyncSocket.h */ = {isa = PBXFileReference; fileEncoding = 4; lastKnownFileType = sourcecode.c.h; path = GCDAsyncSocket.h; sourceTree = "<group>"; };
		1FB46F3C1B4F39600017345C /* GCDAsyncSocket.m */ = {isa = PBXFileReference; fileEncoding = 4; lastKnownFileType = sourcecode.c.objc; path = GCDAsyncSocket.m; sourceTree = "<group>"; };
		D9082C431B505AE300A46C55 /* C4iOS.xcodeproj */ = {isa = PBXFileReference; lastKnownFileType = "wrapper.pb-project"; name = C4iOS.xcodeproj; path = ../../../C4iOS/C4iOS.xcodeproj; sourceTree = "<group>"; };
/* End PBXFileReference section */

/* Begin PBXFrameworksBuildPhase section */
		1FB46EE31B4F365E0017345C /* Frameworks */ = {
			isa = PBXFrameworksBuildPhase;
			buildActionMask = 2147483647;
			files = (
				D9082C561B505B9A00A46C55 /* C4Core.framework in Frameworks */,
				D9082C521B505B9A00A46C55 /* C4UI.framework in Frameworks */,
			);
			runOnlyForDeploymentPostprocessing = 0;
		};
		1FB46EF81B4F365E0017345C /* Frameworks */ = {
			isa = PBXFrameworksBuildPhase;
			buildActionMask = 2147483647;
			files = (
			);
			runOnlyForDeploymentPostprocessing = 0;
		};
/* End PBXFrameworksBuildPhase section */

/* Begin PBXGroup section */
		1FB46EDD1B4F365E0017345C = {
			isa = PBXGroup;
			children = (
				1FB46EE81B4F365E0017345C /* GCDPeripheral */,
				1FB46EFE1B4F365E0017345C /* GCDPeripheralTests */,
				1FB46EE71B4F365E0017345C /* Products */,
			);
			sourceTree = "<group>";
		};
		1FB46EE71B4F365E0017345C /* Products */ = {
			isa = PBXGroup;
			children = (
				1FB46EE61B4F365E0017345C /* GCDPeripheral.app */,
				1FB46EFB1B4F365E0017345C /* GCDPeripheralTests.xctest */,
			);
			name = Products;
			sourceTree = "<group>";
		};
		1FB46EE81B4F365E0017345C /* GCDPeripheral */ = {
			isa = PBXGroup;
			children = (
				1FB46EEB1B4F365E0017345C /* AppDelegate.swift */,
				1FB46EED1B4F365E0017345C /* ViewController.swift */,
				1FB46EEF1B4F365E0017345C /* Main.storyboard */,
				1FB46F3B1B4F39600017345C /* GCDAsyncSocket.h */,
				1FB46F3C1B4F39600017345C /* GCDAsyncSocket.m */,
				D9082C431B505AE300A46C55 /* C4iOS.xcodeproj */,
				1FB46EF21B4F365E0017345C /* Images.xcassets */,
				1FB46EF41B4F365E0017345C /* LaunchScreen.xib */,
				1FB46EE91B4F365E0017345C /* Supporting Files */,
				1FB46F3A1B4F39600017345C /* GCDPeripheral-Bridging-Header.h */,
			);
			path = GCDPeripheral;
			sourceTree = "<group>";
		};
		1FB46EE91B4F365E0017345C /* Supporting Files */ = {
			isa = PBXGroup;
			children = (
				1FB46EEA1B4F365E0017345C /* Info.plist */,
			);
			name = "Supporting Files";
			sourceTree = "<group>";
		};
		1FB46EFE1B4F365E0017345C /* GCDPeripheralTests */ = {
			isa = PBXGroup;
			children = (
				1FB46F011B4F365E0017345C /* GCDPeripheralTests.swift */,
				1FB46EFF1B4F365E0017345C /* Supporting Files */,
			);
			path = GCDPeripheralTests;
			sourceTree = "<group>";
		};
		1FB46EFF1B4F365E0017345C /* Supporting Files */ = {
			isa = PBXGroup;
			children = (
				1FB46F001B4F365E0017345C /* Info.plist */,
			);
			name = "Supporting Files";
			sourceTree = "<group>";
		};
		D9082C441B505AE300A46C55 /* Products */ = {
			isa = PBXGroup;
			children = (
				D9082C4B1B505AE300A46C55 /* C4UI.framework */,
				D9082C4D1B505AE300A46C55 /* C4UITests.xctest */,
				D9082C4F1B505AE300A46C55 /* C4Core.framework */,
				D9082C511B505AE300A46C55 /* C4CoreTests.xctest */,
			);
			name = Products;
			sourceTree = "<group>";
		};
/* End PBXGroup section */

/* Begin PBXNativeTarget section */
		1FB46EE51B4F365E0017345C /* GCDPeripheral */ = {
			isa = PBXNativeTarget;
			buildConfigurationList = 1FB46F051B4F365E0017345C /* Build configuration list for PBXNativeTarget "GCDPeripheral" */;
			buildPhases = (
				1FB46EE21B4F365E0017345C /* Sources */,
				1FB46EE31B4F365E0017345C /* Frameworks */,
				1FB46EE41B4F365E0017345C /* Resources */,
				D9082C5A1B505B9A00A46C55 /* Embed Frameworks */,
			);
			buildRules = (
			);
			dependencies = (
				D9082C551B505B9A00A46C55 /* PBXTargetDependency */,
				D9082C591B505B9A00A46C55 /* PBXTargetDependency */,
			);
			name = GCDPeripheral;
			productName = GCDPeripheral;
			productReference = 1FB46EE61B4F365E0017345C /* GCDPeripheral.app */;
			productType = "com.apple.product-type.application";
		};
		1FB46EFA1B4F365E0017345C /* GCDPeripheralTests */ = {
			isa = PBXNativeTarget;
			buildConfigurationList = 1FB46F081B4F365E0017345C /* Build configuration list for PBXNativeTarget "GCDPeripheralTests" */;
			buildPhases = (
				1FB46EF71B4F365E0017345C /* Sources */,
				1FB46EF81B4F365E0017345C /* Frameworks */,
				1FB46EF91B4F365E0017345C /* Resources */,
			);
			buildRules = (
			);
			dependencies = (
				1FB46EFD1B4F365E0017345C /* PBXTargetDependency */,
			);
			name = GCDPeripheralTests;
			productName = GCDPeripheralTests;
			productReference = 1FB46EFB1B4F365E0017345C /* GCDPeripheralTests.xctest */;
			productType = "com.apple.product-type.bundle.unit-test";
		};
/* End PBXNativeTarget section */

/* Begin PBXProject section */
		1FB46EDE1B4F365E0017345C /* Project object */ = {
			isa = PBXProject;
			attributes = {
				LastUpgradeCheck = 0640;
				ORGANIZATIONNAME = C4;
				TargetAttributes = {
					1FB46EE51B4F365E0017345C = {
						CreatedOnToolsVersion = 6.4;
					};
					1FB46EFA1B4F365E0017345C = {
						CreatedOnToolsVersion = 6.4;
						TestTargetID = 1FB46EE51B4F365E0017345C;
					};
				};
			};
			buildConfigurationList = 1FB46EE11B4F365E0017345C /* Build configuration list for PBXProject "GCDPeripheral" */;
			compatibilityVersion = "Xcode 3.2";
			developmentRegion = English;
			hasScannedForEncodings = 0;
			knownRegions = (
				en,
				Base,
			);
			mainGroup = 1FB46EDD1B4F365E0017345C;
			productRefGroup = 1FB46EE71B4F365E0017345C /* Products */;
			projectDirPath = "";
			projectReferences = (
				{
					ProductGroup = D9082C441B505AE300A46C55 /* Products */;
					ProjectRef = D9082C431B505AE300A46C55 /* C4iOS.xcodeproj */;
				},
			);
			projectRoot = "";
			targets = (
				1FB46EE51B4F365E0017345C /* GCDPeripheral */,
				1FB46EFA1B4F365E0017345C /* GCDPeripheralTests */,
			);
		};
/* End PBXProject section */

/* Begin PBXReferenceProxy section */
		D9082C4B1B505AE300A46C55 /* C4UI.framework */ = {
			isa = PBXReferenceProxy;
			fileType = wrapper.framework;
			path = C4UI.framework;
			remoteRef = D9082C4A1B505AE300A46C55 /* PBXContainerItemProxy */;
			sourceTree = BUILT_PRODUCTS_DIR;
		};
		D9082C4D1B505AE300A46C55 /* C4UITests.xctest */ = {
			isa = PBXReferenceProxy;
			fileType = wrapper.cfbundle;
			path = C4UITests.xctest;
			remoteRef = D9082C4C1B505AE300A46C55 /* PBXContainerItemProxy */;
			sourceTree = BUILT_PRODUCTS_DIR;
		};
		D9082C4F1B505AE300A46C55 /* C4Core.framework */ = {
			isa = PBXReferenceProxy;
			fileType = wrapper.framework;
			path = C4Core.framework;
			remoteRef = D9082C4E1B505AE300A46C55 /* PBXContainerItemProxy */;
			sourceTree = BUILT_PRODUCTS_DIR;
		};
		D9082C511B505AE300A46C55 /* C4CoreTests.xctest */ = {
			isa = PBXReferenceProxy;
			fileType = wrapper.cfbundle;
			path = C4CoreTests.xctest;
			remoteRef = D9082C501B505AE300A46C55 /* PBXContainerItemProxy */;
			sourceTree = BUILT_PRODUCTS_DIR;
		};
/* End PBXReferenceProxy section */

/* Begin PBXResourcesBuildPhase section */
		1FB46EE41B4F365E0017345C /* Resources */ = {
			isa = PBXResourcesBuildPhase;
			buildActionMask = 2147483647;
			files = (
				1FB46EF11B4F365E0017345C /* Main.storyboard in Resources */,
				1FB46EF61B4F365E0017345C /* LaunchScreen.xib in Resources */,
				1FB46EF31B4F365E0017345C /* Images.xcassets in Resources */,
			);
			runOnlyForDeploymentPostprocessing = 0;
		};
		1FB46EF91B4F365E0017345C /* Resources */ = {
			isa = PBXResourcesBuildPhase;
			buildActionMask = 2147483647;
			files = (
			);
			runOnlyForDeploymentPostprocessing = 0;
		};
/* End PBXResourcesBuildPhase section */

/* Begin PBXSourcesBuildPhase section */
		1FB46EE21B4F365E0017345C /* Sources */ = {
			isa = PBXSourcesBuildPhase;
			buildActionMask = 2147483647;
			files = (
				1FB46F3D1B4F39600017345C /* GCDAsyncSocket.m in Sources */,
				1FB46EEE1B4F365E0017345C /* ViewController.swift in Sources */,
				1FB46EEC1B4F365E0017345C /* AppDelegate.swift in Sources */,
			);
			runOnlyForDeploymentPostprocessing = 0;
		};
		1FB46EF71B4F365E0017345C /* Sources */ = {
			isa = PBXSourcesBuildPhase;
			buildActionMask = 2147483647;
			files = (
				1FB46F021B4F365E0017345C /* GCDPeripheralTests.swift in Sources */,
			);
			runOnlyForDeploymentPostprocessing = 0;
		};
/* End PBXSourcesBuildPhase section */

/* Begin PBXTargetDependency section */
		1FB46EFD1B4F365E0017345C /* PBXTargetDependency */ = {
			isa = PBXTargetDependency;
			target = 1FB46EE51B4F365E0017345C /* GCDPeripheral */;
			targetProxy = 1FB46EFC1B4F365E0017345C /* PBXContainerItemProxy */;
		};
		D9082C551B505B9A00A46C55 /* PBXTargetDependency */ = {
			isa = PBXTargetDependency;
			name = C4UI;
			targetProxy = D9082C541B505B9A00A46C55 /* PBXContainerItemProxy */;
		};
		D9082C591B505B9A00A46C55 /* PBXTargetDependency */ = {
			isa = PBXTargetDependency;
			name = C4Core;
			targetProxy = D9082C581B505B9A00A46C55 /* PBXContainerItemProxy */;
		};
/* End PBXTargetDependency section */

/* Begin PBXVariantGroup section */
		1FB46EEF1B4F365E0017345C /* Main.storyboard */ = {
			isa = PBXVariantGroup;
			children = (
				1FB46EF01B4F365E0017345C /* Base */,
			);
			name = Main.storyboard;
			sourceTree = "<group>";
		};
		1FB46EF41B4F365E0017345C /* LaunchScreen.xib */ = {
			isa = PBXVariantGroup;
			children = (
				1FB46EF51B4F365E0017345C /* Base */,
			);
			name = LaunchScreen.xib;
			sourceTree = "<group>";
		};
/* End PBXVariantGroup section */

/* Begin XCBuildConfiguration section */
		1FB46F031B4F365E0017345C /* Debug */ = {
			isa = XCBuildConfiguration;
			buildSettings = {
				ALWAYS_SEARCH_USER_PATHS = NO;
				CLANG_CXX_LANGUAGE_STANDARD = "gnu++0x";
				CLANG_CXX_LIBRARY = "libc++";
				CLANG_ENABLE_MODULES = YES;
				CLANG_ENABLE_OBJC_ARC = YES;
				CLANG_WARN_BOOL_CONVERSION = YES;
				CLANG_WARN_CONSTANT_CONVERSION = YES;
				CLANG_WARN_DIRECT_OBJC_ISA_USAGE = YES_ERROR;
				CLANG_WARN_EMPTY_BODY = YES;
				CLANG_WARN_ENUM_CONVERSION = YES;
				CLANG_WARN_INT_CONVERSION = YES;
				CLANG_WARN_OBJC_ROOT_CLASS = YES_ERROR;
				CLANG_WARN_UNREACHABLE_CODE = YES;
				CLANG_WARN__DUPLICATE_METHOD_MATCH = YES;
				"CODE_SIGN_IDENTITY[sdk=iphoneos*]" = "iPhone Developer";
				COPY_PHASE_STRIP = NO;
				DEBUG_INFORMATION_FORMAT = "dwarf-with-dsym";
				ENABLE_STRICT_OBJC_MSGSEND = YES;
				GCC_C_LANGUAGE_STANDARD = gnu99;
				GCC_DYNAMIC_NO_PIC = NO;
				GCC_NO_COMMON_BLOCKS = YES;
				GCC_OPTIMIZATION_LEVEL = 0;
				GCC_PREPROCESSOR_DEFINITIONS = (
					"DEBUG=1",
					"$(inherited)",
				);
				GCC_SYMBOLS_PRIVATE_EXTERN = NO;
				GCC_WARN_64_TO_32_BIT_CONVERSION = YES;
				GCC_WARN_ABOUT_RETURN_TYPE = YES_ERROR;
				GCC_WARN_UNDECLARED_SELECTOR = YES;
				GCC_WARN_UNINITIALIZED_AUTOS = YES_AGGRESSIVE;
				GCC_WARN_UNUSED_FUNCTION = YES;
				GCC_WARN_UNUSED_VARIABLE = YES;
				IPHONEOS_DEPLOYMENT_TARGET = 8.4;
				MTL_ENABLE_DEBUG_INFO = YES;
				ONLY_ACTIVE_ARCH = YES;
				SDKROOT = iphoneos;
				SWIFT_OPTIMIZATION_LEVEL = "-Onone";
			};
			name = Debug;
		};
		1FB46F041B4F365E0017345C /* Release */ = {
			isa = XCBuildConfiguration;
			buildSettings = {
				ALWAYS_SEARCH_USER_PATHS = NO;
				CLANG_CXX_LANGUAGE_STANDARD = "gnu++0x";
				CLANG_CXX_LIBRARY = "libc++";
				CLANG_ENABLE_MODULES = YES;
				CLANG_ENABLE_OBJC_ARC = YES;
				CLANG_WARN_BOOL_CONVERSION = YES;
				CLANG_WARN_CONSTANT_CONVERSION = YES;
				CLANG_WARN_DIRECT_OBJC_ISA_USAGE = YES_ERROR;
				CLANG_WARN_EMPTY_BODY = YES;
				CLANG_WARN_ENUM_CONVERSION = YES;
				CLANG_WARN_INT_CONVERSION = YES;
				CLANG_WARN_OBJC_ROOT_CLASS = YES_ERROR;
				CLANG_WARN_UNREACHABLE_CODE = YES;
				CLANG_WARN__DUPLICATE_METHOD_MATCH = YES;
				"CODE_SIGN_IDENTITY[sdk=iphoneos*]" = "iPhone Developer";
				COPY_PHASE_STRIP = NO;
				DEBUG_INFORMATION_FORMAT = "dwarf-with-dsym";
				ENABLE_NS_ASSERTIONS = NO;
				ENABLE_STRICT_OBJC_MSGSEND = YES;
				GCC_C_LANGUAGE_STANDARD = gnu99;
				GCC_NO_COMMON_BLOCKS = YES;
				GCC_WARN_64_TO_32_BIT_CONVERSION = YES;
				GCC_WARN_ABOUT_RETURN_TYPE = YES_ERROR;
				GCC_WARN_UNDECLARED_SELECTOR = YES;
				GCC_WARN_UNINITIALIZED_AUTOS = YES_AGGRESSIVE;
				GCC_WARN_UNUSED_FUNCTION = YES;
				GCC_WARN_UNUSED_VARIABLE = YES;
				IPHONEOS_DEPLOYMENT_TARGET = 8.4;
				MTL_ENABLE_DEBUG_INFO = NO;
				SDKROOT = iphoneos;
				VALIDATE_PRODUCT = YES;
			};
			name = Release;
		};
		1FB46F061B4F365E0017345C /* Debug */ = {
			isa = XCBuildConfiguration;
			buildSettings = {
				ASSETCATALOG_COMPILER_APPICON_NAME = AppIcon;
				CLANG_ENABLE_MODULES = YES;
				INFOPLIST_FILE = GCDPeripheral/Info.plist;
				LD_RUNPATH_SEARCH_PATHS = "$(inherited) @executable_path/Frameworks";
				PRODUCT_NAME = "$(TARGET_NAME)";
				SWIFT_OBJC_BRIDGING_HEADER = "GCDPeripheral/GCDPeripheral-Bridging-Header.h";
				SWIFT_OPTIMIZATION_LEVEL = "-Onone";
			};
			name = Debug;
		};
		1FB46F071B4F365E0017345C /* Release */ = {
			isa = XCBuildConfiguration;
			buildSettings = {
				ASSETCATALOG_COMPILER_APPICON_NAME = AppIcon;
				CLANG_ENABLE_MODULES = YES;
				INFOPLIST_FILE = GCDPeripheral/Info.plist;
				LD_RUNPATH_SEARCH_PATHS = "$(inherited) @executable_path/Frameworks";
				PRODUCT_NAME = "$(TARGET_NAME)";
				SWIFT_OBJC_BRIDGING_HEADER = "GCDPeripheral/GCDPeripheral-Bridging-Header.h";
			};
			name = Release;
		};
		1FB46F091B4F365E0017345C /* Debug */ = {
			isa = XCBuildConfiguration;
			buildSettings = {
				BUNDLE_LOADER = "$(TEST_HOST)";
				FRAMEWORK_SEARCH_PATHS = (
					"$(SDKROOT)/Developer/Library/Frameworks",
					"$(inherited)",
				);
				GCC_PREPROCESSOR_DEFINITIONS = (
					"DEBUG=1",
					"$(inherited)",
				);
				INFOPLIST_FILE = GCDPeripheralTests/Info.plist;
				LD_RUNPATH_SEARCH_PATHS = "$(inherited) @executable_path/Frameworks @loader_path/Frameworks";
				PRODUCT_NAME = "$(TARGET_NAME)";
				TEST_HOST = "$(BUILT_PRODUCTS_DIR)/GCDPeripheral.app/GCDPeripheral";
			};
			name = Debug;
		};
		1FB46F0A1B4F365E0017345C /* Release */ = {
			isa = XCBuildConfiguration;
			buildSettings = {
				BUNDLE_LOADER = "$(TEST_HOST)";
				FRAMEWORK_SEARCH_PATHS = (
					"$(SDKROOT)/Developer/Library/Frameworks",
					"$(inherited)",
				);
				INFOPLIST_FILE = GCDPeripheralTests/Info.plist;
				LD_RUNPATH_SEARCH_PATHS = "$(inherited) @executable_path/Frameworks @loader_path/Frameworks";
				PRODUCT_NAME = "$(TARGET_NAME)";
				TEST_HOST = "$(BUILT_PRODUCTS_DIR)/GCDPeripheral.app/GCDPeripheral";
			};
			name = Release;
		};
/* End XCBuildConfiguration section */

/* Begin XCConfigurationList section */
		1FB46EE11B4F365E0017345C /* Build configuration list for PBXProject "GCDPeripheral" */ = {
			isa = XCConfigurationList;
			buildConfigurations = (
				1FB46F031B4F365E0017345C /* Debug */,
				1FB46F041B4F365E0017345C /* Release */,
			);
			defaultConfigurationIsVisible = 0;
			defaultConfigurationName = Release;
		};
		1FB46F051B4F365E0017345C /* Build configuration list for PBXNativeTarget "GCDPeripheral" */ = {
			isa = XCConfigurationList;
			buildConfigurations = (
				1FB46F061B4F365E0017345C /* Debug */,
				1FB46F071B4F365E0017345C /* Release */,
			);
			defaultConfigurationIsVisible = 0;
			defaultConfigurationName = Release;
		};
		1FB46F081B4F365E0017345C /* Build configuration list for PBXNativeTarget "GCDPeripheralTests" */ = {
			isa = XCConfigurationList;
			buildConfigurations = (
				1FB46F091B4F365E0017345C /* Debug */,
				1FB46F0A1B4F365E0017345C /* Release */,
			);
			defaultConfigurationIsVisible = 0;
			defaultConfigurationName = Release;
		};
/* End XCConfigurationList section */
	};
	rootObject = 1FB46EDE1B4F365E0017345C /* Project object */;
}
